
Microsoft Visual Studio Solution File, Format Version 12.00
# Visual Studio Version 17
VisualStudioVersion = 17.12.35527.113
MinimumVisualStudioVersion = 10.0.40219.1
Project("{FAE04EC0-301F-11D3-BF4B-00C04F79EFBC}") = "formes_geometriques", "formes_geometriques\formes_geometriques.csproj", "{13887AA5-EB82-41EF-9C57-EB65854FD70A}"
EndProject
Project("{FAE04EC0-301F-11D3-BF4B-00C04F79EFBC}") = "Test", "TestProject1\Test.csproj", "{84BA4947-EA0F-4D6D-9AFB-1DEBC9C15DAC}"
EndProject
Global
	GlobalSection(SolutionConfigurationPlatforms) = preSolution
		Debug|Any CPU = Debug|Any CPU
		Release|Any CPU = Release|Any CPU
	EndGlobalSection
	GlobalSection(ProjectConfigurationPlatforms) = postSolution
		{13887AA5-EB82-41EF-9C57-EB65854FD70A}.Debug|Any CPU.ActiveCfg = Debug|Any CPU
		{13887AA5-EB82-41EF-9C57-EB65854FD70A}.Debug|Any CPU.Build.0 = Debug|Any CPU
		{13887AA5-EB82-41EF-9C57-EB65854FD70A}.Release|Any CPU.ActiveCfg = Release|Any CPU
		{13887AA5-EB82-41EF-9C57-EB65854FD70A}.Release|Any CPU.Build.0 = Release|Any CPU
		{84BA4947-EA0F-4D6D-9AFB-1DEBC9C15DAC}.Debug|Any CPU.ActiveCfg = Debug|Any CPU
		{84BA4947-EA0F-4D6D-9AFB-1DEBC9C15DAC}.Debug|Any CPU.Build.0 = Debug|Any CPU
		{84BA4947-EA0F-4D6D-9AFB-1DEBC9C15DAC}.Release|Any CPU.ActiveCfg = Release|Any CPU
		{84BA4947-EA0F-4D6D-9AFB-1DEBC9C15DAC}.Release|Any CPU.Build.0 = Release|Any CPU
	EndGlobalSection
	GlobalSection(SolutionProperties) = preSolution
		HideSolutionNode = FALSE
	EndGlobalSection
	GlobalSection(ExtensibilityGlobals) = postSolution
		SolutionGuid = {13565F85-ABF2-46B6-AA92-0A287B87C2E2}
	EndGlobalSection
EndGlobal
